
Microsoft Visual Studio Solution File, Format Version 12.00
# Visual Studio Version 17
VisualStudioVersion = 17.13.35931.197 d17.13
MinimumVisualStudioVersion = 10.0.40219.1
Project("{FAE04EC0-301F-11D3-BF4B-00C04F79EFBC}") = "BoopWallet", "BoopWallet.csproj", "{37F88102-6DB8-C684-5300-01B34B68965C}"
EndProject
Project("{FAE04EC0-301F-11D3-BF4B-00C04F79EFBC}") = "BoopWallet.Desktop", "..\BoopWallet.Desktop\BoopWallet.Desktop.csproj", "{BD3430EA-A2A6-FDF4-2121-F33D69ABEF67}"
EndProject
Global
	GlobalSection(SolutionConfigurationPlatforms) = preSolution
		Debug|Any CPU = Debug|Any CPU
		Release|Any CPU = Release|Any CPU
	EndGlobalSection
	GlobalSection(ProjectConfigurationPlatforms) = postSolution
		{37F88102-6DB8-C684-5300-01B34B68965C}.Debug|Any CPU.ActiveCfg = Debug|Any CPU
		{37F88102-6DB8-C684-5300-01B34B68965C}.Debug|Any CPU.Build.0 = Debug|Any CPU
		{37F88102-6DB8-C684-5300-01B34B68965C}.Release|Any CPU.ActiveCfg = Release|Any CPU
		{37F88102-6DB8-C684-5300-01B34B68965C}.Release|Any CPU.Build.0 = Release|Any CPU
		{BD3430EA-A2A6-FDF4-2121-F33D69ABEF67}.Debug|Any CPU.ActiveCfg = Debug|Any CPU
		{BD3430EA-A2A6-FDF4-2121-F33D69ABEF67}.Debug|Any CPU.Build.0 = Debug|Any CPU
		{BD3430EA-A2A6-FDF4-2121-F33D69ABEF67}.Release|Any CPU.ActiveCfg = Release|Any CPU
		{BD3430EA-A2A6-FDF4-2121-F33D69ABEF67}.Release|Any CPU.Build.0 = Release|Any CPU
	EndGlobalSection
	GlobalSection(SolutionProperties) = preSolution
		HideSolutionNode = FALSE
	EndGlobalSection
	GlobalSection(ExtensibilityGlobals) = postSolution
		SolutionGuid = {7CEB228F-DC98-4C44-BEAA-26AE609EA15C}
	EndGlobalSection
EndGlobal
